
Microsoft Visual Studio Solution File, Format Version 12.00
# Visual Studio Version 17
VisualStudioVersion = 17.9.34616.47
MinimumVisualStudioVersion = 10.0.40219.1
Project("{2150E333-8FDC-42A3-9474-1A3956D46DE8}") = "src", "src", "{40B721A9-5E16-41CA-90DF-0B6AFB2EBD46}"
EndProject
Project("{2150E333-8FDC-42A3-9474-1A3956D46DE8}") = "Book", "Book", "{762FF843-EEA8-4061-8E93-F91CCF72D3E9}"
EndProject
Project("{2150E333-8FDC-42A3-9474-1A3956D46DE8}") = "Ticket", "Ticket", "{452D462B-B05F-45BE-B417-1E2EAF7D5E11}"
EndProject
Project("{2150E333-8FDC-42A3-9474-1A3956D46DE8}") = "Payment", "Payment", "{EE45DDCE-C22C-4306-8868-98E67498D000}"
EndProject
Project("{2150E333-8FDC-42A3-9474-1A3956D46DE8}") = "Notification", "Notification", "{B5810E4A-5D9C-45FE-B986-7581C3C18D4E}"
EndProject
Project("{9A19103F-16F7-4668-BE54-9A1E7A4F7556}") = "Book.Domain", "src\Book\Book.Domain\Book.Domain.csproj", "{379D566C-96EB-457C-AFB9-F26B8DBFAF41}"
EndProject
Project("{9A19103F-16F7-4668-BE54-9A1E7A4F7556}") = "Book.Application", "src\Book\Book.Application\Book.Application.csproj", "{62A36344-236E-44BC-B027-74D3A70C9EA0}"
EndProject
Project("{9A19103F-16F7-4668-BE54-9A1E7A4F7556}") = "Book,Infrastructure", "src\Book\Book,Infrastructure\Book,Infrastructure.csproj", "{5AA6B84A-338C-4F05-B982-E50A709A0260}"
EndProject
Project("{9A19103F-16F7-4668-BE54-9A1E7A4F7556}") = "BookApi.Api", "src\Book\BookApi.Api\BookApi.Api.csproj", "{A2389B52-9D9C-4783-981F-2218571AFB98}"
EndProject
Project("{9A19103F-16F7-4668-BE54-9A1E7A4F7556}") = "Notification.Domain", "src\Notfication\Notification.Domain\Notification.Domain.csproj", "{0ACEFB26-9975-4098-9416-52C70D0E080C}"
EndProject
Project("{9A19103F-16F7-4668-BE54-9A1E7A4F7556}") = "Notification.Application", "src\Notfication\Notification.Application\Notification.Application.csproj", "{E667D1F2-7847-493B-B6AB-C06C2A0DE6F3}"
EndProject
Project("{9A19103F-16F7-4668-BE54-9A1E7A4F7556}") = "Notification.Infrastructure", "src\Notfication\Notification.Infrastructure\Notification.Infrastructure.csproj", "{FFE56F3D-D3BA-4FBE-9C48-46C38F625FF1}"
EndProject
Project("{9A19103F-16F7-4668-BE54-9A1E7A4F7556}") = "NotificationApi.Api", "src\Notfication\NotificationApi.Api\NotificationApi.Api.csproj", "{7826A11E-D3C1-4986-BC8D-4CAAEC515C74}"
EndProject
Project("{9A19103F-16F7-4668-BE54-9A1E7A4F7556}") = "Payment.Domain", "src\Payment\Payment.Domain\Payment.Domain.csproj", "{2F2E25D3-6F93-49AB-A629-42FA95D71ADF}"
EndProject
Project("{9A19103F-16F7-4668-BE54-9A1E7A4F7556}") = "Payment.Application", "src\Payment\Payment.Application\Payment.Application.csproj", "{5419787B-B3B1-43E7-BCC3-CD91B8A9690B}"
EndProject
Project("{9A19103F-16F7-4668-BE54-9A1E7A4F7556}") = "Payment.Infrastructure", "src\Payment\Payment.Infrastructure\Payment.Infrastructure.csproj", "{E470B77F-1962-4FF8-B4D1-FF9032865143}"
EndProject
Project("{9A19103F-16F7-4668-BE54-9A1E7A4F7556}") = "PaymentApi.Api", "src\Payment\PaymentApi.Api\PaymentApi.Api.csproj", "{0D277C7A-BD70-41EA-A141-ABD9494AC8A5}"
EndProject
Project("{9A19103F-16F7-4668-BE54-9A1E7A4F7556}") = "Ticket.Domain", "src\Ticket\Ticket.Domain\Ticket.Domain.csproj", "{17BCD523-6ED5-4960-87EB-5603AEAF6E5A}"
EndProject
Project("{9A19103F-16F7-4668-BE54-9A1E7A4F7556}") = "Ticket.Application", "src\Ticket\Ticket.Application\Ticket.Application.csproj", "{C3FCE0B3-B57A-42C5-87A6-76E19A475382}"
EndProject
Project("{9A19103F-16F7-4668-BE54-9A1E7A4F7556}") = "Ticket.Infrastructure", "src\Ticket\Ticket.Infrastructure\Ticket.Infrastructure.csproj", "{4499BF2E-3494-476B-AFF6-5A6E93498964}"
EndProject
Project("{9A19103F-16F7-4668-BE54-9A1E7A4F7556}") = "TicketApi.Api", "src\Ticket\TicketApi.Api\TicketApi.Api.csproj", "{61EEB319-448C-4835-9DB0-836F54BCD834}"
EndProject
Project("{E53339B2-1760-4266-BCC7-CA923CBCF16C}") = "docker-compose", "docker-compose.dcproj", "{60336530-D58A-47BE-84C3-E944A6ADDB15}"
EndProject
Project("{2150E333-8FDC-42A3-9474-1A3956D46DE8}") = "Web", "Web", "{215F9474-4502-4BB7-9883-8BE7DD67D074}"
EndProject
Project("{9A19103F-16F7-4668-BE54-9A1E7A4F7556}") = "EventEase.Web", "src\Web\EventEase.Web\EventEase.Web.csproj", "{3D4CF2B6-A657-414B-ADBF-84D72FED72F4}"
EndProject
Project("{2150E333-8FDC-42A3-9474-1A3956D46DE8}") = "Event", "Event", "{2AF6AF71-5C96-4B37-BF4E-53DD61232DAE}"
EndProject
Project("{FAE04EC0-301F-11D3-BF4B-00C04F79EFBC}") = "Event.Application", "src\Event\Event.Application\Event.Application.csproj", "{0B690413-2DF4-43BF-B0E8-90389E68D26D}"
EndProject
Project("{FAE04EC0-301F-11D3-BF4B-00C04F79EFBC}") = "Event.Demo", "src\Event\Event.Demo\Event.Demo.csproj", "{5BEB9840-8166-44FD-8F9B-4FDD9161178A}"
EndProject
Project("{FAE04EC0-301F-11D3-BF4B-00C04F79EFBC}") = "Event.Infrastructure", "src\Event\Event.Infrastructure\Event.Infrastructure.csproj", "{4252FAB8-B960-4CE0-A00A-92C5865A5BFC}"
EndProject
Project("{FAE04EC0-301F-11D3-BF4B-00C04F79EFBC}") = "EventApi.Api", "src\Event\EventApi.Api\EventApi.Api.csproj", "{B044231A-54EB-4374-AD40-AC94F8E4C17B}"
EndProject
Global
	GlobalSection(SolutionConfigurationPlatforms) = preSolution
		Debug|Any CPU = Debug|Any CPU
		Release|Any CPU = Release|Any CPU
	EndGlobalSection
	GlobalSection(ProjectConfigurationPlatforms) = postSolution
		{379D566C-96EB-457C-AFB9-F26B8DBFAF41}.Debug|Any CPU.ActiveCfg = Debug|Any CPU
		{379D566C-96EB-457C-AFB9-F26B8DBFAF41}.Debug|Any CPU.Build.0 = Debug|Any CPU
		{379D566C-96EB-457C-AFB9-F26B8DBFAF41}.Release|Any CPU.ActiveCfg = Release|Any CPU
		{379D566C-96EB-457C-AFB9-F26B8DBFAF41}.Release|Any CPU.Build.0 = Release|Any CPU
		{62A36344-236E-44BC-B027-74D3A70C9EA0}.Debug|Any CPU.ActiveCfg = Debug|Any CPU
		{62A36344-236E-44BC-B027-74D3A70C9EA0}.Debug|Any CPU.Build.0 = Debug|Any CPU
		{62A36344-236E-44BC-B027-74D3A70C9EA0}.Release|Any CPU.ActiveCfg = Release|Any CPU
		{62A36344-236E-44BC-B027-74D3A70C9EA0}.Release|Any CPU.Build.0 = Release|Any CPU
		{5AA6B84A-338C-4F05-B982-E50A709A0260}.Debug|Any CPU.ActiveCfg = Debug|Any CPU
		{5AA6B84A-338C-4F05-B982-E50A709A0260}.Debug|Any CPU.Build.0 = Debug|Any CPU
		{5AA6B84A-338C-4F05-B982-E50A709A0260}.Release|Any CPU.ActiveCfg = Release|Any CPU
		{5AA6B84A-338C-4F05-B982-E50A709A0260}.Release|Any CPU.Build.0 = Release|Any CPU
		{A2389B52-9D9C-4783-981F-2218571AFB98}.Debug|Any CPU.ActiveCfg = Debug|Any CPU
		{A2389B52-9D9C-4783-981F-2218571AFB98}.Debug|Any CPU.Build.0 = Debug|Any CPU
		{A2389B52-9D9C-4783-981F-2218571AFB98}.Release|Any CPU.ActiveCfg = Release|Any CPU
		{A2389B52-9D9C-4783-981F-2218571AFB98}.Release|Any CPU.Build.0 = Release|Any CPU
		{0ACEFB26-9975-4098-9416-52C70D0E080C}.Debug|Any CPU.ActiveCfg = Debug|Any CPU
		{0ACEFB26-9975-4098-9416-52C70D0E080C}.Debug|Any CPU.Build.0 = Debug|Any CPU
		{0ACEFB26-9975-4098-9416-52C70D0E080C}.Release|Any CPU.ActiveCfg = Release|Any CPU
		{0ACEFB26-9975-4098-9416-52C70D0E080C}.Release|Any CPU.Build.0 = Release|Any CPU
		{E667D1F2-7847-493B-B6AB-C06C2A0DE6F3}.Debug|Any CPU.ActiveCfg = Debug|Any CPU
		{E667D1F2-7847-493B-B6AB-C06C2A0DE6F3}.Debug|Any CPU.Build.0 = Debug|Any CPU
		{E667D1F2-7847-493B-B6AB-C06C2A0DE6F3}.Release|Any CPU.ActiveCfg = Release|Any CPU
		{E667D1F2-7847-493B-B6AB-C06C2A0DE6F3}.Release|Any CPU.Build.0 = Release|Any CPU
		{FFE56F3D-D3BA-4FBE-9C48-46C38F625FF1}.Debug|Any CPU.ActiveCfg = Debug|Any CPU
		{FFE56F3D-D3BA-4FBE-9C48-46C38F625FF1}.Debug|Any CPU.Build.0 = Debug|Any CPU
		{FFE56F3D-D3BA-4FBE-9C48-46C38F625FF1}.Release|Any CPU.ActiveCfg = Release|Any CPU
		{FFE56F3D-D3BA-4FBE-9C48-46C38F625FF1}.Release|Any CPU.Build.0 = Release|Any CPU
		{7826A11E-D3C1-4986-BC8D-4CAAEC515C74}.Debug|Any CPU.ActiveCfg = Debug|Any CPU
		{7826A11E-D3C1-4986-BC8D-4CAAEC515C74}.Debug|Any CPU.Build.0 = Debug|Any CPU
		{7826A11E-D3C1-4986-BC8D-4CAAEC515C74}.Release|Any CPU.ActiveCfg = Release|Any CPU
		{7826A11E-D3C1-4986-BC8D-4CAAEC515C74}.Release|Any CPU.Build.0 = Release|Any CPU
		{2F2E25D3-6F93-49AB-A629-42FA95D71ADF}.Debug|Any CPU.ActiveCfg = Debug|Any CPU
		{2F2E25D3-6F93-49AB-A629-42FA95D71ADF}.Debug|Any CPU.Build.0 = Debug|Any CPU
		{2F2E25D3-6F93-49AB-A629-42FA95D71ADF}.Release|Any CPU.ActiveCfg = Release|Any CPU
		{2F2E25D3-6F93-49AB-A629-42FA95D71ADF}.Release|Any CPU.Build.0 = Release|Any CPU
		{5419787B-B3B1-43E7-BCC3-CD91B8A9690B}.Debug|Any CPU.ActiveCfg = Debug|Any CPU
		{5419787B-B3B1-43E7-BCC3-CD91B8A9690B}.Debug|Any CPU.Build.0 = Debug|Any CPU
		{5419787B-B3B1-43E7-BCC3-CD91B8A9690B}.Release|Any CPU.ActiveCfg = Release|Any CPU
		{5419787B-B3B1-43E7-BCC3-CD91B8A9690B}.Release|Any CPU.Build.0 = Release|Any CPU
		{E470B77F-1962-4FF8-B4D1-FF9032865143}.Debug|Any CPU.ActiveCfg = Debug|Any CPU
		{E470B77F-1962-4FF8-B4D1-FF9032865143}.Debug|Any CPU.Build.0 = Debug|Any CPU
		{E470B77F-1962-4FF8-B4D1-FF9032865143}.Release|Any CPU.ActiveCfg = Release|Any CPU
		{E470B77F-1962-4FF8-B4D1-FF9032865143}.Release|Any CPU.Build.0 = Release|Any CPU
		{0D277C7A-BD70-41EA-A141-ABD9494AC8A5}.Debug|Any CPU.ActiveCfg = Debug|Any CPU
		{0D277C7A-BD70-41EA-A141-ABD9494AC8A5}.Debug|Any CPU.Build.0 = Debug|Any CPU
		{0D277C7A-BD70-41EA-A141-ABD9494AC8A5}.Release|Any CPU.ActiveCfg = Release|Any CPU
		{0D277C7A-BD70-41EA-A141-ABD9494AC8A5}.Release|Any CPU.Build.0 = Release|Any CPU
		{17BCD523-6ED5-4960-87EB-5603AEAF6E5A}.Debug|Any CPU.ActiveCfg = Debug|Any CPU
		{17BCD523-6ED5-4960-87EB-5603AEAF6E5A}.Debug|Any CPU.Build.0 = Debug|Any CPU
		{17BCD523-6ED5-4960-87EB-5603AEAF6E5A}.Release|Any CPU.ActiveCfg = Release|Any CPU
		{17BCD523-6ED5-4960-87EB-5603AEAF6E5A}.Release|Any CPU.Build.0 = Release|Any CPU
		{C3FCE0B3-B57A-42C5-87A6-76E19A475382}.Debug|Any CPU.ActiveCfg = Debug|Any CPU
		{C3FCE0B3-B57A-42C5-87A6-76E19A475382}.Debug|Any CPU.Build.0 = Debug|Any CPU
		{C3FCE0B3-B57A-42C5-87A6-76E19A475382}.Release|Any CPU.ActiveCfg = Release|Any CPU
		{C3FCE0B3-B57A-42C5-87A6-76E19A475382}.Release|Any CPU.Build.0 = Release|Any CPU
		{4499BF2E-3494-476B-AFF6-5A6E93498964}.Debug|Any CPU.ActiveCfg = Debug|Any CPU
		{4499BF2E-3494-476B-AFF6-5A6E93498964}.Debug|Any CPU.Build.0 = Debug|Any CPU
		{4499BF2E-3494-476B-AFF6-5A6E93498964}.Release|Any CPU.ActiveCfg = Release|Any CPU
		{4499BF2E-3494-476B-AFF6-5A6E93498964}.Release|Any CPU.Build.0 = Release|Any CPU
		{61EEB319-448C-4835-9DB0-836F54BCD834}.Debug|Any CPU.ActiveCfg = Debug|Any CPU
		{61EEB319-448C-4835-9DB0-836F54BCD834}.Debug|Any CPU.Build.0 = Debug|Any CPU
		{61EEB319-448C-4835-9DB0-836F54BCD834}.Release|Any CPU.ActiveCfg = Release|Any CPU
		{61EEB319-448C-4835-9DB0-836F54BCD834}.Release|Any CPU.Build.0 = Release|Any CPU
		{60336530-D58A-47BE-84C3-E944A6ADDB15}.Debug|Any CPU.ActiveCfg = Debug|Any CPU
		{60336530-D58A-47BE-84C3-E944A6ADDB15}.Debug|Any CPU.Build.0 = Debug|Any CPU
		{60336530-D58A-47BE-84C3-E944A6ADDB15}.Release|Any CPU.ActiveCfg = Release|Any CPU
		{60336530-D58A-47BE-84C3-E944A6ADDB15}.Release|Any CPU.Build.0 = Release|Any CPU
		{3D4CF2B6-A657-414B-ADBF-84D72FED72F4}.Debug|Any CPU.ActiveCfg = Debug|Any CPU
		{3D4CF2B6-A657-414B-ADBF-84D72FED72F4}.Debug|Any CPU.Build.0 = Debug|Any CPU
		{3D4CF2B6-A657-414B-ADBF-84D72FED72F4}.Release|Any CPU.ActiveCfg = Release|Any CPU
		{3D4CF2B6-A657-414B-ADBF-84D72FED72F4}.Release|Any CPU.Build.0 = Release|Any CPU
		{0B690413-2DF4-43BF-B0E8-90389E68D26D}.Debug|Any CPU.ActiveCfg = Debug|Any CPU
		{0B690413-2DF4-43BF-B0E8-90389E68D26D}.Debug|Any CPU.Build.0 = Debug|Any CPU
		{0B690413-2DF4-43BF-B0E8-90389E68D26D}.Release|Any CPU.ActiveCfg = Release|Any CPU
		{0B690413-2DF4-43BF-B0E8-90389E68D26D}.Release|Any CPU.Build.0 = Release|Any CPU
		{5BEB9840-8166-44FD-8F9B-4FDD9161178A}.Debug|Any CPU.ActiveCfg = Debug|Any CPU
		{5BEB9840-8166-44FD-8F9B-4FDD9161178A}.Debug|Any CPU.Build.0 = Debug|Any CPU
		{5BEB9840-8166-44FD-8F9B-4FDD9161178A}.Release|Any CPU.ActiveCfg = Release|Any CPU
		{5BEB9840-8166-44FD-8F9B-4FDD9161178A}.Release|Any CPU.Build.0 = Release|Any CPU
		{4252FAB8-B960-4CE0-A00A-92C5865A5BFC}.Debug|Any CPU.ActiveCfg = Debug|Any CPU
		{4252FAB8-B960-4CE0-A00A-92C5865A5BFC}.Debug|Any CPU.Build.0 = Debug|Any CPU
		{4252FAB8-B960-4CE0-A00A-92C5865A5BFC}.Release|Any CPU.ActiveCfg = Release|Any CPU
		{4252FAB8-B960-4CE0-A00A-92C5865A5BFC}.Release|Any CPU.Build.0 = Release|Any CPU
		{B044231A-54EB-4374-AD40-AC94F8E4C17B}.Debug|Any CPU.ActiveCfg = Debug|Any CPU
		{B044231A-54EB-4374-AD40-AC94F8E4C17B}.Debug|Any CPU.Build.0 = Debug|Any CPU
		{B044231A-54EB-4374-AD40-AC94F8E4C17B}.Release|Any CPU.ActiveCfg = Release|Any CPU
		{B044231A-54EB-4374-AD40-AC94F8E4C17B}.Release|Any CPU.Build.0 = Release|Any CPU
	EndGlobalSection
	GlobalSection(SolutionProperties) = preSolution
		HideSolutionNode = FALSE
	EndGlobalSection
	GlobalSection(NestedProjects) = preSolution
		{762FF843-EEA8-4061-8E93-F91CCF72D3E9} = {40B721A9-5E16-41CA-90DF-0B6AFB2EBD46}
		{452D462B-B05F-45BE-B417-1E2EAF7D5E11} = {40B721A9-5E16-41CA-90DF-0B6AFB2EBD46}
		{EE45DDCE-C22C-4306-8868-98E67498D000} = {40B721A9-5E16-41CA-90DF-0B6AFB2EBD46}
		{B5810E4A-5D9C-45FE-B986-7581C3C18D4E} = {40B721A9-5E16-41CA-90DF-0B6AFB2EBD46}
		{379D566C-96EB-457C-AFB9-F26B8DBFAF41} = {762FF843-EEA8-4061-8E93-F91CCF72D3E9}
		{62A36344-236E-44BC-B027-74D3A70C9EA0} = {762FF843-EEA8-4061-8E93-F91CCF72D3E9}
		{5AA6B84A-338C-4F05-B982-E50A709A0260} = {762FF843-EEA8-4061-8E93-F91CCF72D3E9}
		{A2389B52-9D9C-4783-981F-2218571AFB98} = {762FF843-EEA8-4061-8E93-F91CCF72D3E9}
		{0ACEFB26-9975-4098-9416-52C70D0E080C} = {B5810E4A-5D9C-45FE-B986-7581C3C18D4E}
		{E667D1F2-7847-493B-B6AB-C06C2A0DE6F3} = {B5810E4A-5D9C-45FE-B986-7581C3C18D4E}
		{FFE56F3D-D3BA-4FBE-9C48-46C38F625FF1} = {B5810E4A-5D9C-45FE-B986-7581C3C18D4E}
		{7826A11E-D3C1-4986-BC8D-4CAAEC515C74} = {B5810E4A-5D9C-45FE-B986-7581C3C18D4E}
		{2F2E25D3-6F93-49AB-A629-42FA95D71ADF} = {EE45DDCE-C22C-4306-8868-98E67498D000}
		{5419787B-B3B1-43E7-BCC3-CD91B8A9690B} = {EE45DDCE-C22C-4306-8868-98E67498D000}
		{E470B77F-1962-4FF8-B4D1-FF9032865143} = {EE45DDCE-C22C-4306-8868-98E67498D000}
		{0D277C7A-BD70-41EA-A141-ABD9494AC8A5} = {EE45DDCE-C22C-4306-8868-98E67498D000}
		{17BCD523-6ED5-4960-87EB-5603AEAF6E5A} = {452D462B-B05F-45BE-B417-1E2EAF7D5E11}
		{C3FCE0B3-B57A-42C5-87A6-76E19A475382} = {452D462B-B05F-45BE-B417-1E2EAF7D5E11}
		{4499BF2E-3494-476B-AFF6-5A6E93498964} = {452D462B-B05F-45BE-B417-1E2EAF7D5E11}
		{61EEB319-448C-4835-9DB0-836F54BCD834} = {452D462B-B05F-45BE-B417-1E2EAF7D5E11}
		{215F9474-4502-4BB7-9883-8BE7DD67D074} = {40B721A9-5E16-41CA-90DF-0B6AFB2EBD46}
		{3D4CF2B6-A657-414B-ADBF-84D72FED72F4} = {215F9474-4502-4BB7-9883-8BE7DD67D074}
		{2AF6AF71-5C96-4B37-BF4E-53DD61232DAE} = {40B721A9-5E16-41CA-90DF-0B6AFB2EBD46}
		{0B690413-2DF4-43BF-B0E8-90389E68D26D} = {2AF6AF71-5C96-4B37-BF4E-53DD61232DAE}
		{5BEB9840-8166-44FD-8F9B-4FDD9161178A} = {2AF6AF71-5C96-4B37-BF4E-53DD61232DAE}
		{4252FAB8-B960-4CE0-A00A-92C5865A5BFC} = {2AF6AF71-5C96-4B37-BF4E-53DD61232DAE}
		{B044231A-54EB-4374-AD40-AC94F8E4C17B} = {2AF6AF71-5C96-4B37-BF4E-53DD61232DAE}
	EndGlobalSection
	GlobalSection(ExtensibilityGlobals) = postSolution
		SolutionGuid = {86156082-3E0C-436B-A36B-03AF16D0F492}
	EndGlobalSection
EndGlobal
